Microsoft Visual Studio Solution File, Format Version 12.00
# Visual Studio Version 17
VisualStudioVersion = 17.5.2.0
MinimumVisualStudioVersion = 10.0.40219.1
Project("{FAE04EC0-301F-11D3-BF4B-00C04F79EFBC}") = "ProductApi.Tests", "ProductApi.Tests.csproj", "{04119E86-7904-EA05-7940-9EF6D59BE84C}"
EndProject
Global
	GlobalSection(SolutionConfigurationPlatforms) = preSolution
		Debug|Any CPU = Debug|Any CPU
		Release|Any CPU = Release|Any CPU
	EndGlobalSection
	GlobalSection(ProjectConfigurationPlatforms) = postSolution
		{04119E86-7904-EA05-7940-9EF6D59BE84C}.Debug|Any CPU.ActiveCfg = Debug|Any CPU
		{04119E86-7904-EA05-7940-9EF6D59BE84C}.Debug|Any CPU.Build.0 = Debug|Any CPU
		{04119E86-7904-EA05-7940-9EF6D59BE84C}.Release|Any CPU.ActiveCfg = Release|Any CPU
		{04119E86-7904-EA05-7940-9EF6D59BE84C}.Release|Any CPU.Build.0 = Release|Any CPU
	EndGlobalSection
	GlobalSection(SolutionProperties) = preSolution
		HideSolutionNode = FALSE
	EndGlobalSection
	GlobalSection(ExtensibilityGlobals) = postSolution
		SolutionGuid = {241CB53E-5F53-4504-90EE-3A018C63125A}
	EndGlobalSection
EndGlobal
