Microsoft Visual Studio Solution File, Format Version 12.00
# Visual Studio Version 17
VisualStudioVersion = 17.5.2.0
MinimumVisualStudioVersion = 10.0.40219.1
Project("{FAE04EC0-301F-11D3-BF4B-00C04F79EFBC}") = "DebugAPI", "DebugAPI.csproj", "{B42FF7B3-438B-0016-820E-7D104E82D5C1}"
EndProject
Global
	GlobalSection(SolutionConfigurationPlatforms) = preSolution
		Debug|Any CPU = Debug|Any CPU
		Release|Any CPU = Release|Any CPU
	EndGlobalSection
	GlobalSection(ProjectConfigurationPlatforms) = postSolution
		{B42FF7B3-438B-0016-820E-7D104E82D5C1}.Debug|Any CPU.ActiveCfg = Debug|Any CPU
		{B42FF7B3-438B-0016-820E-7D104E82D5C1}.Debug|Any CPU.Build.0 = Debug|Any CPU
		{B42FF7B3-438B-0016-820E-7D104E82D5C1}.Release|Any CPU.ActiveCfg = Release|Any CPU
		{B42FF7B3-438B-0016-820E-7D104E82D5C1}.Release|Any CPU.Build.0 = Release|Any CPU
	EndGlobalSection
	GlobalSection(SolutionProperties) = preSolution
		HideSolutionNode = FALSE
	EndGlobalSection
	GlobalSection(ExtensibilityGlobals) = postSolution
		SolutionGuid = {B9036229-4F03-499C-9557-D56CA4CEC711}
	EndGlobalSection
EndGlobal
